
Microsoft Visual Studio Solution File, Format Version 12.00
# Visual Studio Version 16
VisualStudioVersion = 16.0.29409.12
MinimumVisualStudioVersion = 10.0.40219.1
Project("{8BC9CEB8-8B4A-11D0-8D11-00A0C91BC942}") = "JeuDeRoleC", "JeuDeRoleC\JeuDeRoleC.vcxproj", "{451B3BB4-E047-434A-8040-D43EDF6CF908}"
EndProject
Global
	GlobalSection(SolutionConfigurationPlatforms) = preSolution
		Debug|x64 = Debug|x64
		Debug|x86 = Debug|x86
		Release|x64 = Release|x64
		Release|x86 = Release|x86
	EndGlobalSection
	GlobalSection(ProjectConfigurationPlatforms) = postSolution
		{451B3BB4-E047-434A-8040-D43EDF6CF908}.Debug|x64.ActiveCfg = Debug|x64
		{451B3BB4-E047-434A-8040-D43EDF6CF908}.Debug|x64.Build.0 = Debug|x64
		{451B3BB4-E047-434A-8040-D43EDF6CF908}.Debug|x86.ActiveCfg = Debug|Win32
		{451B3BB4-E047-434A-8040-D43EDF6CF908}.Debug|x86.Build.0 = Debug|Win32
		{451B3BB4-E047-434A-8040-D43EDF6CF908}.Release|x64.ActiveCfg = Release|x64
		{451B3BB4-E047-434A-8040-D43EDF6CF908}.Release|x64.Build.0 = Release|x64
		{451B3BB4-E047-434A-8040-D43EDF6CF908}.Release|x86.ActiveCfg = Release|Win32
		{451B3BB4-E047-434A-8040-D43EDF6CF908}.Release|x86.Build.0 = Release|Win32
	EndGlobalSection
	GlobalSection(SolutionProperties) = preSolution
		HideSolutionNode = FALSE
	EndGlobalSection
	GlobalSection(ExtensibilityGlobals) = postSolution
		SolutionGuid = {5673FC8C-CF33-49B2-B972-C52C99EA5406}
	EndGlobalSection
EndGlobal
